{
  "requires": true,
  "lockfileVersion": 1,
  "dependencies": {
    "@babel/runtime": {
      "version": "7.12.1",
      "resolved": "https://registry.npmjs.org/@babel/runtime/-/runtime-7.12.1.tgz",
      "integrity": "sha512-J5AIf3vPj3UwXaAzb5j1xM4WAQDX3EMgemF8rjCP3SoW09LfRKAXQKt6CoVYl230P6iWdRcBbnLDDdnqWxZSCA==",
      "requires": {
        "regenerator-runtime": "^0.13.4"
      }
    },
    "bad-words": {
      "version": "3.0.3",
      "resolved": "https://registry.npmjs.org/bad-words/-/bad-words-3.0.3.tgz",
      "integrity": "sha512-To+nGz+U8SpEQieZ2kSadY/1hVO88UXAslCJuTgLjDOuGrs/tNW2BYwl0fctxcRLooe0nzYN1pGzgvRIrd0BeA==",
      "requires": {
        "badwords-list": "^1.0.0"
      }
    },
    "badwords-list": {
      "version": "1.0.0",
      "resolved": "https://registry.npmjs.org/badwords-list/-/badwords-list-1.0.0.tgz",
      "integrity": "sha1-XphW2/E0gqKVw7CzBK+51M/FxXk="
    },
    "core-js": {
      "version": "2.6.11",
      "resolved": "https://registry.npmjs.org/core-js/-/core-js-2.6.11.tgz",
      "integrity": "sha512-5wjnpaT/3dV+XB4borEsnAYQchn00XSgTAWKDkEqv+K8KevjbzmofK6hfJ9TZIlpj2N0xQpazy7PiRQiWHqzWg=="
    },
    "punycode": {
      "version": "1.4.1",
      "resolved": "https://registry.npmjs.org/punycode/-/punycode-1.4.1.tgz",
      "integrity": "sha1-wNWmOycYgArY4esPpSachN1BhF4="
    },
    "regenerator-runtime": {
      "version": "0.13.7",
      "resolved": "https://registry.npmjs.org/regenerator-runtime/-/regenerator-runtime-0.13.7.tgz",
      "integrity": "sha512-a54FxoJDIr27pgf7IgeQGxmqUNYrcV338lf/6gH456HZ/PhX+5BcwHXG9ajESmwe6WRO0tAzRUrRmNONWgkrew=="
    },
    "twemoji-parser": {
      "version": "11.0.2",
      "resolved": "https://registry.npmjs.org/twemoji-parser/-/twemoji-parser-11.0.2.tgz",
      "integrity": "sha512-5kO2XCcpAql6zjdLwRwJjYvAZyDy3+Uj7v1ipBzLthQmDL7Ce19bEqHr3ImSNeoSW2OA8u02XmARbXHaNO8GhA=="
    }
  }
}
